
Microsoft Visual Studio Solution File, Format Version 12.00
# Visual Studio Version 16
VisualStudioVersion = 16.0.30503.244
MinimumVisualStudioVersion = 10.0.40219.1
Project("{9A19103F-16F7-4668-BE54-9A1E7A4F7556}") = "ModelManagement", "ModelManagement\ModelManagement.csproj", "{9C4CD9BB-317C-44D2-8D4B-B1746DC61CD6}"
EndProject
Project("{9A19103F-16F7-4668-BE54-9A1E7A4F7556}") = "Commander", "Commander\Commander.csproj", "{07DE3084-A881-45A1-93F6-F12B05A8BFC1}"
EndProject
Project("{2150E333-8FDC-42A3-9474-1A3956D46DE8}") = "Security", "Security", "{D162B5E6-9BC2-41B3-94D7-C37F42B5D5D8}"
EndProject
Project("{9A19103F-16F7-4668-BE54-9A1E7A4F7556}") = "Permissions.Tests", "Security\Permissions.Tests\Permissions.Tests.csproj", "{B3AE565C-2D60-4277-93AA-17A7DE734956}"
EndProject
Project("{2150E333-8FDC-42A3-9474-1A3956D46DE8}") = "Mocking", "Mocking", "{41B2C320-389C-472D-ACD8-2798C459ECD4}"
EndProject
Project("{2150E333-8FDC-42A3-9474-1A3956D46DE8}") = "Solution Items", "Solution Items", "{36DB6984-6DA5-4549-A311-743618A1E308}"
	ProjectSection(SolutionItems) = preProject
		README.md = README.md
	EndProjectSection
EndProject
Project("{2150E333-8FDC-42A3-9474-1A3956D46DE8}") = "State", "State", "{1DD53D4E-C9D5-4676-B0C4-B7B9E5F1D501}"
EndProject
Project("{9A19103F-16F7-4668-BE54-9A1E7A4F7556}") = "HttpRequestMocker", "Mocking\HttpRequestMocker\HttpRequestMocker.csproj", "{A3DFC1D3-9D0A-474D-91B4-F0B823BE8959}"
EndProject
Project("{9A19103F-16F7-4668-BE54-9A1E7A4F7556}") = "StubGenerator", "Mocking\StubGenerator\StubGenerator.csproj", "{7DF79D0D-8E9C-4F2A-8F2B-AA761E96E6C7}"
EndProject
Project("{9A19103F-16F7-4668-BE54-9A1E7A4F7556}") = "Permissions", "Security\Permissions\Permissions.csproj", "{64763088-5022-40E1-A50C-FF52EA80A9D4}"
EndProject
Project("{9A19103F-16F7-4668-BE54-9A1E7A4F7556}") = "TestApplication", "TestApplication\TestApplication.csproj", "{BB4C1FB9-6679-4060-9F11-C4005BDC3BEE}"
EndProject
Project("{9A19103F-16F7-4668-BE54-9A1E7A4F7556}") = "StateMachine", "State\StateMachine\StateMachine.csproj", "{463E5486-71B1-40C4-9966-D8D836CBC416}"
EndProject
Project("{9A19103F-16F7-4668-BE54-9A1E7A4F7556}") = "StateMachine.Tests", "State\StateMachine.Tests\StateMachine.Tests.csproj", "{B7F2886A-D3F8-49B9-9856-4FCD5866B6C8}"
EndProject
Global
	GlobalSection(SolutionConfigurationPlatforms) = preSolution
		Debug|Any CPU = Debug|Any CPU
		Release|Any CPU = Release|Any CPU
	EndGlobalSection
	GlobalSection(ProjectConfigurationPlatforms) = postSolution
		{9C4CD9BB-317C-44D2-8D4B-B1746DC61CD6}.Debug|Any CPU.ActiveCfg = Debug|Any CPU
		{9C4CD9BB-317C-44D2-8D4B-B1746DC61CD6}.Debug|Any CPU.Build.0 = Debug|Any CPU
		{9C4CD9BB-317C-44D2-8D4B-B1746DC61CD6}.Release|Any CPU.ActiveCfg = Release|Any CPU
		{9C4CD9BB-317C-44D2-8D4B-B1746DC61CD6}.Release|Any CPU.Build.0 = Release|Any CPU
		{07DE3084-A881-45A1-93F6-F12B05A8BFC1}.Debug|Any CPU.ActiveCfg = Debug|Any CPU
		{07DE3084-A881-45A1-93F6-F12B05A8BFC1}.Debug|Any CPU.Build.0 = Debug|Any CPU
		{07DE3084-A881-45A1-93F6-F12B05A8BFC1}.Release|Any CPU.ActiveCfg = Release|Any CPU
		{07DE3084-A881-45A1-93F6-F12B05A8BFC1}.Release|Any CPU.Build.0 = Release|Any CPU
		{B3AE565C-2D60-4277-93AA-17A7DE734956}.Debug|Any CPU.ActiveCfg = Debug|Any CPU
		{B3AE565C-2D60-4277-93AA-17A7DE734956}.Debug|Any CPU.Build.0 = Debug|Any CPU
		{B3AE565C-2D60-4277-93AA-17A7DE734956}.Release|Any CPU.ActiveCfg = Release|Any CPU
		{B3AE565C-2D60-4277-93AA-17A7DE734956}.Release|Any CPU.Build.0 = Release|Any CPU
		{A3DFC1D3-9D0A-474D-91B4-F0B823BE8959}.Debug|Any CPU.ActiveCfg = Debug|Any CPU
		{A3DFC1D3-9D0A-474D-91B4-F0B823BE8959}.Debug|Any CPU.Build.0 = Debug|Any CPU
		{A3DFC1D3-9D0A-474D-91B4-F0B823BE8959}.Release|Any CPU.ActiveCfg = Release|Any CPU
		{A3DFC1D3-9D0A-474D-91B4-F0B823BE8959}.Release|Any CPU.Build.0 = Release|Any CPU
		{7DF79D0D-8E9C-4F2A-8F2B-AA761E96E6C7}.Debug|Any CPU.ActiveCfg = Debug|Any CPU
		{7DF79D0D-8E9C-4F2A-8F2B-AA761E96E6C7}.Debug|Any CPU.Build.0 = Debug|Any CPU
		{7DF79D0D-8E9C-4F2A-8F2B-AA761E96E6C7}.Release|Any CPU.ActiveCfg = Release|Any CPU
		{7DF79D0D-8E9C-4F2A-8F2B-AA761E96E6C7}.Release|Any CPU.Build.0 = Release|Any CPU
		{64763088-5022-40E1-A50C-FF52EA80A9D4}.Debug|Any CPU.ActiveCfg = Debug|Any CPU
		{64763088-5022-40E1-A50C-FF52EA80A9D4}.Debug|Any CPU.Build.0 = Debug|Any CPU
		{64763088-5022-40E1-A50C-FF52EA80A9D4}.Release|Any CPU.ActiveCfg = Release|Any CPU
		{64763088-5022-40E1-A50C-FF52EA80A9D4}.Release|Any CPU.Build.0 = Release|Any CPU
		{BB4C1FB9-6679-4060-9F11-C4005BDC3BEE}.Debug|Any CPU.ActiveCfg = Debug|Any CPU
		{BB4C1FB9-6679-4060-9F11-C4005BDC3BEE}.Debug|Any CPU.Build.0 = Debug|Any CPU
		{BB4C1FB9-6679-4060-9F11-C4005BDC3BEE}.Release|Any CPU.ActiveCfg = Release|Any CPU
		{BB4C1FB9-6679-4060-9F11-C4005BDC3BEE}.Release|Any CPU.Build.0 = Release|Any CPU
		{463E5486-71B1-40C4-9966-D8D836CBC416}.Debug|Any CPU.ActiveCfg = Debug|Any CPU
		{463E5486-71B1-40C4-9966-D8D836CBC416}.Debug|Any CPU.Build.0 = Debug|Any CPU
		{463E5486-71B1-40C4-9966-D8D836CBC416}.Release|Any CPU.ActiveCfg = Release|Any CPU
		{463E5486-71B1-40C4-9966-D8D836CBC416}.Release|Any CPU.Build.0 = Release|Any CPU
		{B7F2886A-D3F8-49B9-9856-4FCD5866B6C8}.Debug|Any CPU.ActiveCfg = Debug|Any CPU
		{B7F2886A-D3F8-49B9-9856-4FCD5866B6C8}.Debug|Any CPU.Build.0 = Debug|Any CPU
		{B7F2886A-D3F8-49B9-9856-4FCD5866B6C8}.Release|Any CPU.ActiveCfg = Release|Any CPU
		{B7F2886A-D3F8-49B9-9856-4FCD5866B6C8}.Release|Any CPU.Build.0 = Release|Any CPU
	EndGlobalSection
	GlobalSection(SolutionProperties) = preSolution
		HideSolutionNode = FALSE
	EndGlobalSection
	GlobalSection(NestedProjects) = preSolution
		{B3AE565C-2D60-4277-93AA-17A7DE734956} = {D162B5E6-9BC2-41B3-94D7-C37F42B5D5D8}
		{A3DFC1D3-9D0A-474D-91B4-F0B823BE8959} = {41B2C320-389C-472D-ACD8-2798C459ECD4}
		{7DF79D0D-8E9C-4F2A-8F2B-AA761E96E6C7} = {41B2C320-389C-472D-ACD8-2798C459ECD4}
		{64763088-5022-40E1-A50C-FF52EA80A9D4} = {D162B5E6-9BC2-41B3-94D7-C37F42B5D5D8}
		{463E5486-71B1-40C4-9966-D8D836CBC416} = {1DD53D4E-C9D5-4676-B0C4-B7B9E5F1D501}
		{B7F2886A-D3F8-49B9-9856-4FCD5866B6C8} = {1DD53D4E-C9D5-4676-B0C4-B7B9E5F1D501}
	EndGlobalSection
	GlobalSection(ExtensibilityGlobals) = postSolution
		SolutionGuid = {244BED3A-6F22-47B1-9F70-5F05A62CFEE2}
	EndGlobalSection
EndGlobal
